
Microsoft Visual Studio Solution File, Format Version 12.00
# Visual Studio 2013
VisualStudioVersion = 12.0.21005.1
MinimumVisualStudioVersion = 10.0.40219.1
Project("{FAE04EC0-301F-11D3-BF4B-00C04F79EFBC}") = "Unidade1", "Unidade1\Unidade1.csproj", "{B4745357-5E52-40D1-960C-D668D400D28B}"
EndProject
Project("{FAE04EC0-301F-11D3-BF4B-00C04F79EFBC}") = "Unidade2", "Unidade2\Unidade2.csproj", "{D57CA154-EA1F-4F9E-A27E-166A9EA6D6A8}"
EndProject
Project("{FAE04EC0-301F-11D3-BF4B-00C04F79EFBC}") = "Unidade3", "Unidade3\Unidade3.csproj", "{FF480D01-3E0D-4A76-BA61-9DD00DAD9598}"
EndProject
Global
	GlobalSection(SolutionConfigurationPlatforms) = preSolution
		Debug|Any CPU = Debug|Any CPU
		Release|Any CPU = Release|Any CPU
	EndGlobalSection
	GlobalSection(ProjectConfigurationPlatforms) = postSolution
		{B4745357-5E52-40D1-960C-D668D400D28B}.Debug|Any CPU.ActiveCfg = Debug|Any CPU
		{B4745357-5E52-40D1-960C-D668D400D28B}.Debug|Any CPU.Build.0 = Debug|Any CPU
		{B4745357-5E52-40D1-960C-D668D400D28B}.Release|Any CPU.ActiveCfg = Release|Any CPU
		{B4745357-5E52-40D1-960C-D668D400D28B}.Release|Any CPU.Build.0 = Release|Any CPU
		{D57CA154-EA1F-4F9E-A27E-166A9EA6D6A8}.Debug|Any CPU.ActiveCfg = Debug|Any CPU
		{D57CA154-EA1F-4F9E-A27E-166A9EA6D6A8}.Debug|Any CPU.Build.0 = Debug|Any CPU
		{D57CA154-EA1F-4F9E-A27E-166A9EA6D6A8}.Release|Any CPU.ActiveCfg = Release|Any CPU
		{D57CA154-EA1F-4F9E-A27E-166A9EA6D6A8}.Release|Any CPU.Build.0 = Release|Any CPU
		{FF480D01-3E0D-4A76-BA61-9DD00DAD9598}.Debug|Any CPU.ActiveCfg = Debug|Any CPU
		{FF480D01-3E0D-4A76-BA61-9DD00DAD9598}.Debug|Any CPU.Build.0 = Debug|Any CPU
		{FF480D01-3E0D-4A76-BA61-9DD00DAD9598}.Release|Any CPU.ActiveCfg = Release|Any CPU
		{FF480D01-3E0D-4A76-BA61-9DD00DAD9598}.Release|Any CPU.Build.0 = Release|Any CPU
	EndGlobalSection
	GlobalSection(SolutionProperties) = preSolution
		HideSolutionNode = FALSE
	EndGlobalSection
EndGlobal
